
Microsoft Visual Studio Solution File, Format Version 12.00
Project("{FAE04EC0-301F-11D3-BF4B-00C04F79EFBC}") = "LAB01", "LAB01\LAB01.csproj", "{19E1CF17-08D3-4EC2-AA08-A6EA926AC252}"
EndProject
Global
	GlobalSection(SolutionConfigurationPlatforms) = preSolution
		Debug|Any CPU = Debug|Any CPU
		Release|Any CPU = Release|Any CPU
	EndGlobalSection
	GlobalSection(ProjectConfigurationPlatforms) = postSolution
		{19E1CF17-08D3-4EC2-AA08-A6EA926AC252}.Debug|Any CPU.ActiveCfg = Debug|Any CPU
		{19E1CF17-08D3-4EC2-AA08-A6EA926AC252}.Debug|Any CPU.Build.0 = Debug|Any CPU
		{19E1CF17-08D3-4EC2-AA08-A6EA926AC252}.Release|Any CPU.ActiveCfg = Release|Any CPU
		{19E1CF17-08D3-4EC2-AA08-A6EA926AC252}.Release|Any CPU.Build.0 = Release|Any CPU
	EndGlobalSection
EndGlobal
